{
  "nodes": {
    "nixpkgs": {
      "locked": {
        "lastModified": 1771762240,
        "narHash": "sha256-UtZpy4/oRqvoi1iKQfZUjtowNTD3//0AdNt3Ax33qPc=",
        "owner": "NixOS",
        "repo": "nixpkgs",
        "rev": "3ed7d6e63d537ad7c716e127bb5d982d01217be4",
        "type": "github"
      },
      "original": {
        "owner": "NixOS",
        "ref": "release-25.11",
        "repo": "nixpkgs",
        "type": "github"
      }
    },
    "root": {
      "inputs": {
        "nixpkgs": "nixpkgs"
      }
    }
  },
  "root": "root",
  "version": 7
}
